# THIS IS AN AUTOGENERATED FILE. DO NOT EDIT THIS FILE DIRECTLY.
# yarn lockfile v1


bytesberry-overlay-loader@^1.0.0:
  version "1.0.0"
  resolved "https://registry.yarnpkg.com/bytesberry-overlay-loader/-/bytesberry-overlay-loader-1.0.0.tgz#c9e72eb28ea8314de93cb2534177c2b54d6c6fba"
  integrity sha512-2unXIuz0pQRNRr/VXyXQICc/KYF6olz1/bRUf35i2UBG90AwszntsDRfy7kVx9JU6xKbd73ObUunvJDU5lF6ww==

bytesberry-overlay-loader@^1.0.1:
  version "1.0.1"
  resolved "https://registry.yarnpkg.com/bytesberry-overlay-loader/-/bytesberry-overlay-loader-1.0.1.tgz#528bacc50b680813bf519d36ca3721ad21e9abb4"
  integrity sha512-zN6ZT0FHGAMUOsxGVLHYgxyOS740dQuWLAhZ11SbyhdcP14vmZ9ou82xJMYNyb/4ndazwfh3kH8SQoht8cIdLQ==
  dependencies:
    bytesberry-overlay-loader "^1.0.0"
